<?xml version="1.0" encoding="utf-8"?>
<Project ToolsVersion="4.0" xmlns="http://schemas.microsoft.com/developer/msbuild/2003">
  <ItemGroup>
    <Filter Include="include">
      <UniqueIdentifier>{5ac37555-1965-4a85-9c41-239190b0e503}</UniqueIdentifier>
    </Filter>
    <Filter Include="source">
      <UniqueIdentifier>{872ca2cc-6968-42b4-82f2-266dc8dbb952}</UniqueIdentifier>
    </Filter>
  </ItemGroup>
  <ItemGroup>
    <ClInclude Include="..\ThirdParty\glad-gl4.6\include\glad\glad.h">
      <Filter>include</Filter>
    </ClInclude>
    <ClInclude Include="..\ThirdParty\glad-gl4.6\include\KHR\khrplatform.h">
      <Filter>include</Filter>
    </ClInclude>
  </ItemGroup>
  <ItemGroup>
    <ClCompile Include="..\ThirdParty\glad-gl4.6\src\glad.c">
      <Filter>source</Filter>
    </ClCompile>
  </ItemGroup>
</Project>