<?xml version="1.0" encoding="utf-8"?>
<Project ToolsVersion="4.0" xmlns="http://schemas.microsoft.com/developer/msbuild/2003">
  <ItemGroup>
    <Filter Include="function">
      <UniqueIdentifier>{81675908-ae89-44a6-8d49-a7c29c0565cb}</UniqueIdentifier>
    </Filter>
    <Filter Include="platform">
      <UniqueIdentifier>{cd8cb89a-5483-4306-96e9-7063369265f4}</UniqueIdentifier>
    </Filter>
    <Filter Include="resource">
      <UniqueIdentifier>{d7883d38-d259-480d-a7d8-943806fe0a74}</UniqueIdentifier>
    </Filter>
    <Filter Include="core">
      <UniqueIdentifier>{5a1f6997-e955-4b81-b954-3048f0c07db7}</UniqueIdentifier>
    </Filter>
    <Filter Include="test">
      <UniqueIdentifier>{12488d5a-4919-44f6-adb2-61b2f2a75106}</UniqueIdentifier>
    </Filter>
    <Filter Include="runtime">
      <UniqueIdentifier>{93fb8870-7f30-4431-9414-2f69d6f77646}</UniqueIdentifier>
    </Filter>
    <Filter Include="function\Log">
      <UniqueIdentifier>{bdf5861e-5556-4cad-8c2b-e695979fa38a}</UniqueIdentifier>
    </Filter>
    <Filter Include="function\render">
      <UniqueIdentifier>{c20d8eac-409e-48ce-bce8-d52e25f3f620}</UniqueIdentifier>
    </Filter>
    <Filter Include="function\window">
      <UniqueIdentifier>{25bca661-5311-47de-8354-ede56a49454b}</UniqueIdentifier>
    </Filter>
    <Filter Include="function\render\rhi">
      <UniqueIdentifier>{2a9d33d3-e5e8-4a00-b036-e2e2d427c402}</UniqueIdentifier>
    </Filter>
    <Filter Include="function\render\rhi\gl">
      <UniqueIdentifier>{9be2a0eb-6eb6-4bac-a426-bb26426aa7df}</UniqueIdentifier>
    </Filter>
    <Filter Include="function\scene_management">
      <UniqueIdentifier>{fe73bf4b-f757-4d0b-be6a-fc35dd8e5857}</UniqueIdentifier>
    </Filter>
    <Filter Include="function\scene_management\entity">
      <UniqueIdentifier>{5abd24e1-6657-4f06-a297-f5e54049e1f5}</UniqueIdentifier>
    </Filter>
    <Filter Include="function\scene_management\component">
      <UniqueIdentifier>{c297138f-595b-466e-a7af-efd2ee8dc6a3}</UniqueIdentifier>
    </Filter>
    <Filter Include="function\io">
      <UniqueIdentifier>{3566ecdc-ab71-4667-87ee-6825bbb51f55}</UniqueIdentifier>
    </Filter>
    <Filter Include="resource\mesh">
      <UniqueIdentifier>{d830ce3b-7b7d-4282-871b-1ca27c304779}</UniqueIdentifier>
    </Filter>
    <Filter Include="resource\shader">
      <UniqueIdentifier>{54eed16b-efb8-42c6-86d2-7c7ddc70e965}</UniqueIdentifier>
    </Filter>
    <Filter Include="resource\texture">
      <UniqueIdentifier>{d35d1a0e-4140-46b4-b826-0f68a43c48d7}</UniqueIdentifier>
    </Filter>
    <Filter Include="function\render\render_command">
      <UniqueIdentifier>{12bcaf31-4bc9-4c03-abd0-d663045bab8c}</UniqueIdentifier>
    </Filter>
  </ItemGroup>
  <ItemGroup>
    <ClInclude Include="core\data_type.h">
      <Filter>core</Filter>
    </ClInclude>
    <ClInclude Include="core\util_func.h">
      <Filter>core</Filter>
    </ClInclude>
    <ClInclude Include="function\log\Logger.h">
      <Filter>function\Log</Filter>
    </ClInclude>
    <ClInclude Include="runtime\ayy.h">
      <Filter>runtime</Filter>
    </ClInclude>
    <ClInclude Include="runtime\Engine.h">
      <Filter>runtime</Filter>
    </ClInclude>
    <ClInclude Include="runtime\Application.h">
      <Filter>runtime</Filter>
    </ClInclude>
    <ClInclude Include="function\window\GLWindow.h">
      <Filter>function\window</Filter>
    </ClInclude>
    <ClInclude Include="function\window\Window.h">
      <Filter>function\window</Filter>
    </ClInclude>
    <ClInclude Include="function\render\RenderSystem.h">
      <Filter>function\render</Filter>
    </ClInclude>
    <ClInclude Include="function\render\RenderState.h">
      <Filter>function\render</Filter>
    </ClInclude>
    <ClInclude Include="runtime\EngineLaunchParam.h">
      <Filter>runtime</Filter>
    </ClInclude>
    <ClInclude Include="function\render\rhi\rhi.h">
      <Filter>function\render\rhi</Filter>
    </ClInclude>
    <ClInclude Include="function\render\rhi\gl\GLRhi.h">
      <Filter>function\render\rhi\gl</Filter>
    </ClInclude>
    <ClInclude Include="function\render\rhi\rhi_data_type.h">
      <Filter>function\render\rhi</Filter>
    </ClInclude>
    <ClInclude Include="function\render\RenderPipeline.h">
      <Filter>function\render</Filter>
    </ClInclude>
    <ClInclude Include="function\scene_management\Scene.h">
      <Filter>function\scene_management</Filter>
    </ClInclude>
    <ClInclude Include="function\scene_management\entity\Entity.h">
      <Filter>function\scene_management\entity</Filter>
    </ClInclude>
    <ClInclude Include="function\scene_management\component\BaseComponent.h">
      <Filter>function\scene_management\component</Filter>
    </ClInclude>
    <ClInclude Include="function\scene_management\component\MeshRenderComponent.h">
      <Filter>function\scene_management\component</Filter>
    </ClInclude>
    <ClInclude Include="function\scene_management\component\TransformComponent.h">
      <Filter>function\scene_management\component</Filter>
    </ClInclude>
    <ClInclude Include="function\io\FileReader.h">
      <Filter>function\io</Filter>
    </ClInclude>
    <ClInclude Include="resource\mesh\MeshProductor.h">
      <Filter>resource\mesh</Filter>
    </ClInclude>
    <ClInclude Include="resource\mesh\MeshManager.h">
      <Filter>resource\mesh</Filter>
    </ClInclude>
    <ClInclude Include="resource\texture\TextureManager.h">
      <Filter>resource\texture</Filter>
    </ClInclude>
    <ClInclude Include="resource\shader\ShaderManager.h">
      <Filter>resource\shader</Filter>
    </ClInclude>
    <ClInclude Include="resource\mesh\MeshItem.h">
      <Filter>resource\mesh</Filter>
    </ClInclude>
    <ClInclude Include="resource\shader\ShaderProgram.h">
      <Filter>resource\shader</Filter>
    </ClInclude>
    <ClInclude Include="function\render\render_command\MeshRenderCommand.h">
      <Filter>function\render\render_command</Filter>
    </ClInclude>
    <ClInclude Include="function\render\render_command\RenderCommand.h">
      <Filter>function\render\render_command</Filter>
    </ClInclude>
    <ClInclude Include="function\scene_management\component\CameraComponent.h">
      <Filter>function\scene_management\component</Filter>
    </ClInclude>
    <ClInclude Include="core\math_util.h">
      <Filter>core</Filter>
    </ClInclude>
  </ItemGroup>
  <ItemGroup>
    <ClCompile Include="test\ayy.cpp">
      <Filter>test</Filter>
    </ClCompile>
    <ClCompile Include="core\data_type.cpp">
      <Filter>core</Filter>
    </ClCompile>
    <ClCompile Include="runtime\Application.cpp">
      <Filter>runtime</Filter>
    </ClCompile>
    <ClCompile Include="runtime\Engine.cpp">
      <Filter>runtime</Filter>
    </ClCompile>
    <ClCompile Include="core\util_func.cpp">
      <Filter>core</Filter>
    </ClCompile>
    <ClCompile Include="function\log\Logger.cpp">
      <Filter>function\Log</Filter>
    </ClCompile>
    <ClCompile Include="function\window\Window.cpp">
      <Filter>function\window</Filter>
    </ClCompile>
    <ClCompile Include="function\window\GLWindow.cpp">
      <Filter>function\window</Filter>
    </ClCompile>
    <ClCompile Include="function\render\RenderSystem.cpp">
      <Filter>function\render</Filter>
    </ClCompile>
    <ClCompile Include="function\render\RenderState.cpp">
      <Filter>function\render</Filter>
    </ClCompile>
    <ClCompile Include="runtime\EngineLaunchParam.cpp">
      <Filter>runtime</Filter>
    </ClCompile>
    <ClCompile Include="function\render\rhi\rhi.cpp">
      <Filter>function\render\rhi</Filter>
    </ClCompile>
    <ClCompile Include="function\render\rhi\gl\GLRhi.cpp">
      <Filter>function\render\rhi\gl</Filter>
    </ClCompile>
    <ClCompile Include="function\render\rhi\rhi_data_type.cpp">
      <Filter>function\render\rhi</Filter>
    </ClCompile>
    <ClCompile Include="function\render\RenderPipeline.cpp">
      <Filter>function\render</Filter>
    </ClCompile>
    <ClCompile Include="function\scene_management\Scene.cpp">
      <Filter>function\scene_management</Filter>
    </ClCompile>
    <ClCompile Include="function\scene_management\entity\Entity.cpp">
      <Filter>function\scene_management\entity</Filter>
    </ClCompile>
    <ClCompile Include="function\scene_management\component\MeshRenderComponent.cpp">
      <Filter>function\scene_management\component</Filter>
    </ClCompile>
    <ClCompile Include="function\scene_management\component\TransformComponent.cpp">
      <Filter>function\scene_management\component</Filter>
    </ClCompile>
    <ClCompile Include="function\scene_management\component\BaseComponent.cpp">
      <Filter>function\scene_management\component</Filter>
    </ClCompile>
    <ClCompile Include="function\io\FileReader.cpp">
      <Filter>function\io</Filter>
    </ClCompile>
    <ClCompile Include="resource\mesh\MeshProductor.cpp">
      <Filter>resource\mesh</Filter>
    </ClCompile>
    <ClCompile Include="resource\mesh\MeshManager.cpp">
      <Filter>resource\mesh</Filter>
    </ClCompile>
    <ClCompile Include="resource\shader\ShaderManager.cpp">
      <Filter>resource\shader</Filter>
    </ClCompile>
    <ClCompile Include="resource\texture\TextureManager.cpp">
      <Filter>resource\texture</Filter>
    </ClCompile>
    <ClCompile Include="resource\mesh\MeshItem.cpp">
      <Filter>resource\mesh</Filter>
    </ClCompile>
    <ClCompile Include="resource\shader\ShaderProgram.cpp">
      <Filter>resource\shader</Filter>
    </ClCompile>
    <ClCompile Include="function\render\render_command\MeshRenderCommand.cpp">
      <Filter>function\render\render_command</Filter>
    </ClCompile>
    <ClCompile Include="function\render\render_command\RenderCommand.cpp">
      <Filter>function\render\render_command</Filter>
    </ClCompile>
    <ClCompile Include="function\scene_management\component\CameraComponent.cpp">
      <Filter>function\scene_management\component</Filter>
    </ClCompile>
    <ClCompile Include="core\math_util.cpp">
      <Filter>core</Filter>
    </ClCompile>
  </ItemGroup>
</Project>