<?xml version="1.0" encoding="utf-8"?>
<Project ToolsVersion="4.0" xmlns="http://schemas.microsoft.com/developer/msbuild/2003">
  <ItemGroup>
    <Filter Include="include">
      <UniqueIdentifier>{eee30d52-a153-4051-bde3-dec7427b4b8f}</UniqueIdentifier>
    </Filter>
    <Filter Include="engine">
      <UniqueIdentifier>{93fb8870-7f30-4431-9414-2f69d6f77646}</UniqueIdentifier>
    </Filter>
    <Filter Include="function">
      <UniqueIdentifier>{81675908-ae89-44a6-8d49-a7c29c0565cb}</UniqueIdentifier>
    </Filter>
    <Filter Include="platform">
      <UniqueIdentifier>{cd8cb89a-5483-4306-96e9-7063369265f4}</UniqueIdentifier>
    </Filter>
    <Filter Include="resource">
      <UniqueIdentifier>{d7883d38-d259-480d-a7d8-943806fe0a74}</UniqueIdentifier>
    </Filter>
    <Filter Include="core">
      <UniqueIdentifier>{5a1f6997-e955-4b81-b954-3048f0c07db7}</UniqueIdentifier>
    </Filter>
    <Filter Include="test">
      <UniqueIdentifier>{12488d5a-4919-44f6-adb2-61b2f2a75106}</UniqueIdentifier>
    </Filter>
  </ItemGroup>
  <ItemGroup>
    <ClInclude Include="include\ayy.h">
      <Filter>include</Filter>
    </ClInclude>
    <ClInclude Include="include\Application.h">
      <Filter>include</Filter>
    </ClInclude>
    <ClInclude Include="include\Engine.h">
      <Filter>include</Filter>
    </ClInclude>
    <ClInclude Include="platform\Window.h">
      <Filter>platform</Filter>
    </ClInclude>
  </ItemGroup>
  <ItemGroup>
    <ClCompile Include="engine\Application.cpp">
      <Filter>engine</Filter>
    </ClCompile>
    <ClCompile Include="engine\Engine.cpp">
      <Filter>engine</Filter>
    </ClCompile>
    <ClCompile Include="test\ayy.cpp">
      <Filter>test</Filter>
    </ClCompile>
    <ClCompile Include="platform\Window.cpp">
      <Filter>platform</Filter>
    </ClCompile>
  </ItemGroup>
</Project>